// !$*UTF8*$!
{
	archiveVersion = 1;
	classes = {
	};
	objectVersion = 46;
	objects = {

/* Begin PBXBuildFile section */
		61932D5D1C31E2290074D106 /* Product.swift in Sources */ = {isa = PBXBuildFile; fileRef = 61932D5C1C31E2290074D106 /* Product.swift */; };
		F11534791C30AFB000428003 /* ContactViewController.swift in Sources */ = {isa = PBXBuildFile; fileRef = F11534781C30AFB000428003 /* ContactViewController.swift */; };
		F115347B1C30BFD500428003 /* ProductsTableViewController.swift in Sources */ = {isa = PBXBuildFile; fileRef = F115347A1C30BFD500428003 /* ProductsTableViewController.swift */; };
		F165FBCF1C2F517700049C4B /* AppDelegate.swift in Sources */ = {isa = PBXBuildFile; fileRef = F165FBCE1C2F517700049C4B /* AppDelegate.swift */; };
		F165FBD41C2F517700049C4B /* Main.storyboard in Resources */ = {isa = PBXBuildFile; fileRef = F165FBD21C2F517700049C4B /* Main.storyboard */; };
		F165FBD61C2F517700049C4B /* Assets.xcassets in Resources */ = {isa = PBXBuildFile; fileRef = F165FBD51C2F517700049C4B /* Assets.xcassets */; };
		F165FBD91C2F517700049C4B /* LaunchScreen.storyboard in Resources */ = {isa = PBXBuildFile; fileRef = F165FBD71C2F517700049C4B /* LaunchScreen.storyboard */; };
		F165FBE11C3052B800049C4B /* ProductViewController.swift in Sources */ = {isa = PBXBuildFile; fileRef = F165FBE01C3052B800049C4B /* ProductViewController.swift */; };
/* End PBXBuildFile section */

/* Begin PBXFileReference section */
		61932D5C1C31E2290074D106 /* Product.swift */ = {isa = PBXFileReference; fileEncoding = 4; lastKnownFileType = sourcecode.swift; path = Product.swift; sourceTree = "<group>"; };
		F11534781C30AFB000428003 /* ContactViewController.swift */ = {isa = PBXFileReference; fileEncoding = 4; lastKnownFileType = sourcecode.swift; path = ContactViewController.swift; sourceTree = "<group>"; };
		F115347A1C30BFD500428003 /* ProductsTableViewController.swift */ = {isa = PBXFileReference; fileEncoding = 4; lastKnownFileType = sourcecode.swift; path = ProductsTableViewController.swift; sourceTree = "<group>"; };
		F165FBCB1C2F517700049C4B /* GoodAsOldPhones.app */ = {isa = PBXFileReference; explicitFileType = wrapper.application; includeInIndex = 0; path = GoodAsOldPhones.app; sourceTree = BUILT_PRODUCTS_DIR; };
		F165FBCE1C2F517700049C4B /* AppDelegate.swift */ = {isa = PBXFileReference; lastKnownFileType = sourcecode.swift; path = AppDelegate.swift; sourceTree = "<group>"; };
		F165FBD31C2F517700049C4B /* Base */ = {isa = PBXFileReference; lastKnownFileType = file.storyboard; name = Base; path = Base.lproj/Main.storyboard; sourceTree = "<group>"; };
		F165FBD51C2F517700049C4B /* Assets.xcassets */ = {isa = PBXFileReference; lastKnownFileType = folder.assetcatalog; path = Assets.xcassets; sourceTree = "<group>"; };
		F165FBD81C2F517700049C4B /* Base */ = {isa = PBXFileReference; lastKnownFileType = file.storyboard; name = Base; path = Base.lproj/LaunchScreen.storyboard; sourceTree = "<group>"; };
		F165FBDA1C2F517700049C4B /* Info.plist */ = {isa = PBXFileReference; lastKnownFileType = text.plist.xml; path = Info.plist; sourceTree = "<group>"; };
		F165FBE01C3052B800049C4B /* ProductViewController.swift */ = {isa = PBXFileReference; fileEncoding = 4; lastKnownFileType = sourcecode.swift; path = ProductViewController.swift; sourceTree = "<group>"; };
/* End PBXFileReference section */

/* Begin PBXFrameworksBuildPhase section */
		F165FBC81C2F517700049C4B /* Frameworks */ = {
			isa = PBXFrameworksBuildPhase;
			buildActionMask = 2147483647;
			files = (
			);
			runOnlyForDeploymentPostprocessing = 0;
		};
/* End PBXFrameworksBuildPhase section */

/* Begin PBXGroup section */
		F165FBC21C2F517700049C4B = {
			isa = PBXGroup;
			children = (
				F165FBCD1C2F517700049C4B /* GoodAsOldPhones */,
				F165FBCC1C2F517700049C4B /* Products */,
			);
			sourceTree = "<group>";
		};
		F165FBCC1C2F517700049C4B /* Products */ = {
			isa = PBXGroup;
			children = (
				F165FBCB1C2F517700049C4B /* GoodAsOldPhones.app */,
			);
			name = Products;
			sourceTree = "<group>";
		};
		F165FBCD1C2F517700049C4B /* GoodAsOldPhones */ = {
			isa = PBXGroup;
			children = (
				F165FBCE1C2F517700049C4B /* AppDelegate.swift */,
				F165FBD21C2F517700049C4B /* Main.storyboard */,
				F165FBD51C2F517700049C4B /* Assets.xcassets */,
				F165FBD71C2F517700049C4B /* LaunchScreen.storyboard */,
				F165FBDA1C2F517700049C4B /* Info.plist */,
				F165FBE01C3052B800049C4B /* ProductViewController.swift */,
				F11534781C30AFB000428003 /* ContactViewController.swift */,
				F115347A1C30BFD500428003 /* ProductsTableViewController.swift */,
				61932D5C1C31E2290074D106 /* Product.swift */,
			);
			path = GoodAsOldPhones;
			sourceTree = "<group>";
		};
/* End PBXGroup section */

/* Begin PBXNativeTarget section */
		F165FBCA1C2F517700049C4B /* GoodAsOldPhones */ = {
			isa = PBXNativeTarget;
			buildConfigurationList = F165FBDD1C2F517700049C4B /* Build configuration list for PBXNativeTarget "GoodAsOldPhones" */;
			buildPhases = (
				F165FBC71C2F517700049C4B /* Sources */,
				F165FBC81C2F517700049C4B /* Frameworks */,
				F165FBC91C2F517700049C4B /* Resources */,
			);
			buildRules = (
			);
			dependencies = (
			);
			name = GoodAsOldPhones;
			productName = GoodAsOldPhones;
			productReference = F165FBCB1C2F517700049C4B /* GoodAsOldPhones.app */;
			productType = "com.apple.product-type.application";
		};
/* End PBXNativeTarget section */

/* Begin PBXProject section */
		F165FBC31C2F517700049C4B /* Project object */ = {
			isa = PBXProject;
			attributes = {
				LastSwiftUpdateCheck = 0720;
				LastUpgradeCheck = 0720;
				ORGANIZATIONNAME = "Kate Simmons";
				TargetAttributes = {
					F165FBCA1C2F517700049C4B = {
						CreatedOnToolsVersion = 7.2;
					};
				};
			};
			buildConfigurationList = F165FBC61C2F517700049C4B /* Build configuration list for PBXProject "GoodAsOldPhones" */;
			compatibilityVersion = "Xcode 3.2";
			developmentRegion = English;
			hasScannedForEncodings = 0;
			knownRegions = (
				en,
				Base,
			);
			mainGroup = F165FBC21C2F517700049C4B;
			productRefGroup = F165FBCC1C2F517700049C4B /* Products */;
			projectDirPath = "";
			projectRoot = "";
			targets = (
				F165FBCA1C2F517700049C4B /* GoodAsOldPhones */,
			);
		};
/* End PBXProject section */

/* Begin PBXResourcesBuildPhase section */
		F165FBC91C2F517700049C4B /* Resources */ = {
			isa = PBXResourcesBuildPhase;
			buildActionMask = 2147483647;
			files = (
				F165FBD91C2F517700049C4B /* LaunchScreen.storyboard in Resources */,
				F165FBD61C2F517700049C4B /* Assets.xcassets in Resources */,
				F165FBD41C2F517700049C4B /* Main.storyboard in Resources */,
			);
			runOnlyForDeploymentPostprocessing = 0;
		};
/* End PBXResourcesBuildPhase section */

/* Begin PBXSourcesBuildPhase section */
		F165FBC71C2F517700049C4B /* Sources */ = {
			isa = PBXSourcesBuildPhase;
			buildActionMask = 2147483647;
			files = (
				F165FBE11C3052B800049C4B /* ProductViewController.swift in Sources */,
				F115347B1C30BFD500428003 /* ProductsTableViewController.swift in Sources */,
				61932D5D1C31E2290074D106 /* Product.swift in Sources */,
				F165FBCF1C2F517700049C4B /* AppDelegate.swift in Sources */,
				F11534791C30AFB000428003 /* ContactViewController.swift in Sources */,
			);
			runOnlyForDeploymentPostprocessing = 0;
		};
/* End PBXSourcesBuildPhase section */

/* Begin PBXVariantGroup section */
		F165FBD21C2F517700049C4B /* Main.storyboard */ = {
			isa = PBXVariantGroup;
			children = (
				F165FBD31C2F517700049C4B /* Base */,
			);
			name = Main.storyboard;
			sourceTree = "<group>";
		};
		F165FBD71C2F517700049C4B /* LaunchScreen.storyboard */ = {
			isa = PBXVariantGroup;
			children = (
				F165FBD81C2F517700049C4B /* Base */,
			);
			name = LaunchScreen.storyboard;
			sourceTree = "<group>";
		};
/* End PBXVariantGroup section */

/* Begin XCBuildConfiguration section */
		F165FBDB1C2F517700049C4B /* Debug */ = {
			isa = XCBuildConfiguration;
			buildSettings = {
				ALWAYS_SEARCH_USER_PATHS = NO;
				CLANG_CXX_LANGUAGE_STANDARD = "gnu++0x";
				CLANG_CXX_LIBRARY = "libc++";
				CLANG_ENABLE_MODULES = YES;
				CLANG_ENABLE_OBJC_ARC = YES;
				CLANG_WARN_BOOL_CONVERSION = YES;
				CLANG_WARN_CONSTANT_CONVERSION = YES;
				CLANG_WARN_DIRECT_OBJC_ISA_USAGE = YES_ERROR;
				CLANG_WARN_EMPTY_BODY = YES;
				CLANG_WARN_ENUM_CONVERSION = YES;
				CLANG_WARN_INT_CONVERSION = YES;
				CLANG_WARN_OBJC_ROOT_CLASS = YES_ERROR;
				CLANG_WARN_UNREACHABLE_CODE = YES;
				CLANG_WARN__DUPLICATE_METHOD_MATCH = YES;
				"CODE_SIGN_IDENTITY[sdk=iphoneos*]" = "iPhone Developer";
				COPY_PHASE_STRIP = NO;
				DEBUG_INFORMATION_FORMAT = dwarf;
				ENABLE_STRICT_OBJC_MSGSEND = YES;
				ENABLE_TESTABILITY = YES;
				GCC_C_LANGUAGE_STANDARD = gnu99;
				GCC_DYNAMIC_NO_PIC = NO;
				GCC_NO_COMMON_BLOCKS = YES;
				GCC_OPTIMIZATION_LEVEL = 0;
				GCC_PREPROCESSOR_DEFINITIONS = (
					"DEBUG=1",
					"$(inherited)",
				);
				GCC_WARN_64_TO_32_BIT_CONVERSION = YES;
				GCC_WARN_ABOUT_RETURN_TYPE = YES_ERROR;
				GCC_WARN_UNDECLARED_SELECTOR = YES;
				GCC_WARN_UNINITIALIZED_AUTOS = YES_AGGRESSIVE;
				GCC_WARN_UNUSED_FUNCTION = YES;
				GCC_WARN_UNUSED_VARIABLE = YES;
				IPHONEOS_DEPLOYMENT_TARGET = 9.2;
				MTL_ENABLE_DEBUG_INFO = YES;
				ONLY_ACTIVE_ARCH = YES;
				SDKROOT = iphoneos;
				SWIFT_OPTIMIZATION_LEVEL = "-Onone";
			};
			name = Debug;
		};
		F165FBDC1C2F517700049C4B /* Release */ = {
			isa = XCBuildConfiguration;
			buildSettings = {
				ALWAYS_SEARCH_USER_PATHS = NO;
				CLANG_CXX_LANGUAGE_STANDARD = "gnu++0x";
				CLANG_CXX_LIBRARY = "libc++";
				CLANG_ENABLE_MODULES = YES;
				CLANG_ENABLE_OBJC_ARC = YES;
				CLANG_WARN_BOOL_CONVERSION = YES;
				CLANG_WARN_CONSTANT_CONVERSION = YES;
				CLANG_WARN_DIRECT_OBJC_ISA_USAGE = YES_ERROR;
				CLANG_WARN_EMPTY_BODY = YES;
				CLANG_WARN_ENUM_CONVERSION = YES;
				CLANG_WARN_INT_CONVERSION = YES;
				CLANG_WARN_OBJC_ROOT_CLASS = YES_ERROR;
				CLANG_WARN_UNREACHABLE_CODE = YES;
				CLANG_WARN__DUPLICATE_METHOD_MATCH = YES;
				"CODE_SIGN_IDENTITY[sdk=iphoneos*]" = "iPhone Developer";
				COPY_PHASE_STRIP = NO;
				DEBUG_INFORMATION_FORMAT = "dwarf-with-dsym";
				ENABLE_NS_ASSERTIONS = NO;
				ENABLE_STRICT_OBJC_MSGSEND = YES;
				GCC_C_LANGUAGE_STANDARD = gnu99;
				GCC_NO_COMMON_BLOCKS = YES;
				GCC_WARN_64_TO_32_BIT_CONVERSION = YES;
				GCC_WARN_ABOUT_RETURN_TYPE = YES_ERROR;
				GCC_WARN_UNDECLARED_SELECTOR = YES;
				GCC_WARN_UNINITIALIZED_AUTOS = YES_AGGRESSIVE;
				GCC_WARN_UNUSED_FUNCTION = YES;
				GCC_WARN_UNUSED_VARIABLE = YES;
				IPHONEOS_DEPLOYMENT_TARGET = 9.2;
				MTL_ENABLE_DEBUG_INFO = NO;
				SDKROOT = iphoneos;
				VALIDATE_PRODUCT = YES;
			};
			name = Release;
		};
		F165FBDE1C2F517700049C4B /* Debug */ = {
			isa = XCBuildConfiguration;
			buildSettings = {
				ASSETCATALOG_COMPILER_APPICON_NAME = AppIcon;
				INFOPLIST_FILE = GoodAsOldPhones/Info.plist;
				LD_RUNPATH_SEARCH_PATHS = "$(inherited) @executable_path/Frameworks";
				PRODUCT_BUNDLE_IDENTIFIER = com.katesimmons.GoodAsOldPhones;
				PRODUCT_NAME = "$(TARGET_NAME)";
			};
			name = Debug;
		};
		F165FBDF1C2F517700049C4B /* Release */ = {
			isa = XCBuildConfiguration;
			buildSettings = {
				ASSETCATALOG_COMPILER_APPICON_NAME = AppIcon;
				INFOPLIST_FILE = GoodAsOldPhones/Info.plist;
				LD_RUNPATH_SEARCH_PATHS = "$(inherited) @executable_path/Frameworks";
				PRODUCT_BUNDLE_IDENTIFIER = com.katesimmons.GoodAsOldPhones;
				PRODUCT_NAME = "$(TARGET_NAME)";
			};
			name = Release;
		};
/* End XCBuildConfiguration section */

/* Begin XCConfigurationList section */
		F165FBC61C2F517700049C4B /* Build configuration list for PBXProject "GoodAsOldPhones" */ = {
			isa = XCConfigurationList;
			buildConfigurations = (
				F165FBDB1C2F517700049C4B /* Debug */,
				F165FBDC1C2F517700049C4B /* Release */,
			);
			defaultConfigurationIsVisible = 0;
			defaultConfigurationName = Release;
		};
		F165FBDD1C2F517700049C4B /* Build configuration list for PBXNativeTarget "GoodAsOldPhones" */ = {
			isa = XCConfigurationList;
			buildConfigurations = (
				F165FBDE1C2F517700049C4B /* Debug */,
				F165FBDF1C2F517700049C4B /* Release */,
			);
			defaultConfigurationIsVisible = 0;
			defaultConfigurationName = Release;
		};
/* End XCConfigurationList section */
	};
	rootObject = F165FBC31C2F517700049C4B /* Project object */;
}
